
Microsoft Visual Studio Solution File, Format Version 12.00
# Visual Studio 14
VisualStudioVersion = 14.0.25420.1
MinimumVisualStudioVersion = 10.0.40219.1
Project("{2150E333-8FDC-42A3-9474-1A3956D46DE8}") = "JenkinsFile", "JenkinsFile", "{46C9246D-9EFE-4F4D-AC4B-E285D86FE584}"
EndProject
Project("{2150E333-8FDC-42A3-9474-1A3956D46DE8}") = "DemoFile", "DemoFile", "{73C230F2-FD91-43FD-9612-11DC23A081D2}"
	ProjectSection(SolutionItems) = preProject
		JenkinsFile.groovy = JenkinsFile.groovy
	EndProjectSection
EndProject
Project("{2150E333-8FDC-42A3-9474-1A3956D46DE8}") = "GroovyScripts", "GroovyScripts", "{4392F170-1C95-43E8-B24D-BAA451E1F3EC}"
EndProject
Project("{2150E333-8FDC-42A3-9474-1A3956D46DE8}") = "Common", "Common", "{EBCAA7D9-3C49-4745-AE4A-6556F35091C7}"
	ProjectSection(SolutionItems) = preProject
		actionString.groovy = actionString.groovy
		demoBuildSteps.groovy = demoBuildSteps.groovy
	EndProjectSection
EndProject
Project("{2150E333-8FDC-42A3-9474-1A3956D46DE8}") = "Build", "Build", "{3E72EA8F-6E77-460B-AE1D-68A7B18879D8}"
	ProjectSection(SolutionItems) = preProject
		buildStepsByBuildType.groovy = buildStepsByBuildType.groovy
	EndProjectSection
EndProject
Project("{2150E333-8FDC-42A3-9474-1A3956D46DE8}") = "Deploy", "Deploy", "{84BCD817-5BCC-4C83-BAB2-C6C7E7DABFDB}"
	ProjectSection(SolutionItems) = preProject
		deployCommonBuildSteps.groovy = deployCommonBuildSteps.groovy
	EndProjectSection
EndProject
Project("{2150E333-8FDC-42A3-9474-1A3956D46DE8}") = "ePOS", "ePOS", "{6BF976ED-901F-42CE-81C1-B1F2351A31D9}"
EndProject
Project("{2150E333-8FDC-42A3-9474-1A3956D46DE8}") = "MasterBuildSteps", "MasterBuildSteps", "{854AAD61-B65D-4F80-B718-43ADF65C2C6F}"
	ProjectSection(SolutionItems) = preProject
		mBePOSDev002.groovy = mBePOSDev002.groovy
	EndProjectSection
EndProject
Project("{2150E333-8FDC-42A3-9474-1A3956D46DE8}") = "Common", "Common", "{CE151E7E-65B8-4445-865F-07B998A36D39}"
	ProjectSection(SolutionItems) = preProject
		CommonBuild.groovy = CommonBuild.groovy
	EndProjectSection
EndProject
Project("{2150E333-8FDC-42A3-9474-1A3956D46DE8}") = "ePos", "ePos", "{2E09FFC1-CACA-4160-9A60-21C9946D5CA9}"
EndProject
Project("{2150E333-8FDC-42A3-9474-1A3956D46DE8}") = "OldJenkinsFiles", "OldJenkinsFiles", "{26042AB3-DA41-4A99-94A1-F3CBA6734988}"
	ProjectSection(SolutionItems) = preProject
		Build-DBSyncService-Dev001.groovy = Build-DBSyncService-Dev001.groovy
		Build-Exaxe.Client-Dev003.groovy = Build-Exaxe.Client-Dev003.groovy
	EndProjectSection
EndProject
Global
	GlobalSection(SolutionProperties) = preSolution
		HideSolutionNode = FALSE
	EndGlobalSection
	GlobalSection(NestedProjects) = preSolution
		{73C230F2-FD91-43FD-9612-11DC23A081D2} = {46C9246D-9EFE-4F4D-AC4B-E285D86FE584}
		{EBCAA7D9-3C49-4745-AE4A-6556F35091C7} = {4392F170-1C95-43E8-B24D-BAA451E1F3EC}
		{3E72EA8F-6E77-460B-AE1D-68A7B18879D8} = {EBCAA7D9-3C49-4745-AE4A-6556F35091C7}
		{84BCD817-5BCC-4C83-BAB2-C6C7E7DABFDB} = {EBCAA7D9-3C49-4745-AE4A-6556F35091C7}
		{6BF976ED-901F-42CE-81C1-B1F2351A31D9} = {4392F170-1C95-43E8-B24D-BAA451E1F3EC}
		{854AAD61-B65D-4F80-B718-43ADF65C2C6F} = {6BF976ED-901F-42CE-81C1-B1F2351A31D9}
		{CE151E7E-65B8-4445-865F-07B998A36D39} = {46C9246D-9EFE-4F4D-AC4B-E285D86FE584}
		{2E09FFC1-CACA-4160-9A60-21C9946D5CA9} = {46C9246D-9EFE-4F4D-AC4B-E285D86FE584}
		{26042AB3-DA41-4A99-94A1-F3CBA6734988} = {2E09FFC1-CACA-4160-9A60-21C9946D5CA9}
	EndGlobalSection
EndGlobal
