
Microsoft Visual Studio Solution File, Format Version 12.00
# Visual Studio 15
VisualStudioVersion = 15.0.27130.2026
MinimumVisualStudioVersion = 10.0.40219.1
Project("{2150E333-8FDC-42A3-9474-1A3956D46DE8}") = "PipelineBase", "PipelineBase", "{46C9246D-9EFE-4F4D-AC4B-E285D86FE584}"
EndProject
Project("{2150E333-8FDC-42A3-9474-1A3956D46DE8}") = "PipelineSteps", "PipelineSteps", "{4392F170-1C95-43E8-B24D-BAA451E1F3EC}"
EndProject
Project("{2150E333-8FDC-42A3-9474-1A3956D46DE8}") = "Common", "Common", "{EBCAA7D9-3C49-4745-AE4A-6556F35091C7}"
	ProjectSection(SolutionItems) = preProject
		actionString.groovy = actionString.groovy
	EndProjectSection
EndProject
Project("{2150E333-8FDC-42A3-9474-1A3956D46DE8}") = "Build", "Build", "{3E72EA8F-6E77-460B-AE1D-68A7B18879D8}"
	ProjectSection(SolutionItems) = preProject
		buildStepsByBuildType.groovy = buildStepsByBuildType.groovy
	EndProjectSection
EndProject
Project("{2150E333-8FDC-42A3-9474-1A3956D46DE8}") = "Deploy", "Deploy", "{84BCD817-5BCC-4C83-BAB2-C6C7E7DABFDB}"
	ProjectSection(SolutionItems) = preProject
		deployCommonBuildSteps.groovy = deployCommonBuildSteps.groovy
	EndProjectSection
EndProject
Project("{2150E333-8FDC-42A3-9474-1A3956D46DE8}") = "AdvicePlus", "AdvicePlus", "{6BF976ED-901F-42CE-81C1-B1F2351A31D9}"
	ProjectSection(SolutionItems) = preProject
		deployAdvicePlus.groovy = deployAdvicePlus.groovy
		deployAdvicePlusRelease.groovy = deployAdvicePlusRelease.groovy
	EndProjectSection
EndProject
Project("{2150E333-8FDC-42A3-9474-1A3956D46DE8}") = "Common", "Common", "{CE151E7E-65B8-4445-865F-07B998A36D39}"
	ProjectSection(SolutionItems) = preProject
		CommonBuild.groovy = CommonBuild.groovy
		CommonDeployBuild.groovy = CommonDeployBuild.groovy
		CommonMasterBuild.groovy = CommonMasterBuild.groovy
	EndProjectSection
EndProject
Project("{2150E333-8FDC-42A3-9474-1A3956D46DE8}") = "MasterBuild", "MasterBuild", "{D256FD06-5C05-4B5B-85A8-EE030D7EFB7F}"
	ProjectSection(SolutionItems) = preProject
		masterBuildStepsByProject.groovy = masterBuildStepsByProject.groovy
	EndProjectSection
EndProject
Project("{2150E333-8FDC-42A3-9474-1A3956D46DE8}") = "AdminPlus", "AdminPlus", "{E00BCCA7-8AF3-4C4D-88E0-5C194A3DB9D6}"
	ProjectSection(SolutionItems) = preProject
		deployAdminPlus.groovy = deployAdminPlus.groovy
		deployAdminPlusV2.groovy = deployAdminPlusV2.groovy
		deployAdminPlusWebApi.groovy = deployAdminPlusWebApi.groovy
	EndProjectSection
EndProject
Project("{2150E333-8FDC-42A3-9474-1A3956D46DE8}") = "Email", "Email", "{F2420EDC-E90A-4B3E-A3E2-E37C0BABE520}"
	ProjectSection(SolutionItems) = preProject
		jiraReleaseNotificationEmail.groovy = jiraReleaseNotificationEmail.groovy
		releaseJiraEmailTemplate.groovy = releaseJiraEmailTemplate.groovy
		temTemplate.html = temTemplate.html
	EndProjectSection
EndProject
Project("{2150E333-8FDC-42A3-9474-1A3956D46DE8}") = "Test", "Test", "{58621D0C-B5B3-4A83-BA8B-98220CEE2B54}"
	ProjectSection(SolutionItems) = preProject
		SendEmailTemp.groovy = SendEmailTemp.groovy
		TempDurationTest.groovy = TempDurationTest.groovy
	EndProjectSection
EndProject
Project("{2150E333-8FDC-42A3-9474-1A3956D46DE8}") = "PolicyEBI", "PolicyEBI", "{0A4FE1B3-75FE-426F-9473-BA33ECA5593D}"
	ProjectSection(SolutionItems) = preProject
		deployPolicyEbi.groovy = deployPolicyEbi.groovy
	EndProjectSection
EndProject
Project("{2150E333-8FDC-42A3-9474-1A3956D46DE8}") = "ChannelPlus", "ChannelPlus", "{A07CA428-CD8C-40C5-82F4-6C4CE0B4C1D4}"
	ProjectSection(SolutionItems) = preProject
		deployChannelPlus.groovy = deployChannelPlus.groovy
		deployChannelPlusWebApi.groovy = deployChannelPlusWebApi.groovy
	EndProjectSection
EndProject
Project("{2150E333-8FDC-42A3-9474-1A3956D46DE8}") = "Portals", "Portals", "{E3BD8F7E-A75C-4A3D-8A80-C70AE9325205}"
	ProjectSection(SolutionItems) = preProject
		deployHansardPortals.groovy = deployHansardPortals.groovy
	EndProjectSection
EndProject
Project("{2150E333-8FDC-42A3-9474-1A3956D46DE8}") = "Auth", "Auth", "{0806D523-7165-4B3F-ACA7-8D88FA143755}"
	ProjectSection(SolutionItems) = preProject
		deployAuthWebApi.groovy = deployAuthWebApi.groovy
	EndProjectSection
EndProject
Project("{2150E333-8FDC-42A3-9474-1A3956D46DE8}") = "Client", "Client", "{0D2148B2-66EC-4BE5-BA14-8DA3322E98F8}"
	ProjectSection(SolutionItems) = preProject
		deployClientWebApi.groovy = deployClientWebApi.groovy
	EndProjectSection
EndProject
Project("{2150E333-8FDC-42A3-9474-1A3956D46DE8}") = "Configuration", "Configuration", "{E32424E2-AFD6-4C14-B2BB-FFB2A99693CD}"
	ProjectSection(SolutionItems) = preProject
		deployConfigurationWebApi.groovy = deployConfigurationWebApi.groovy
	EndProjectSection
EndProject
Project("{2150E333-8FDC-42A3-9474-1A3956D46DE8}") = "Users", "Users", "{1130C6B6-1A4A-4275-8DF7-E73BE4F2AEC0}"
	ProjectSection(SolutionItems) = preProject
		deployUsersWebApi.groovy = deployUsersWebApi.groovy
	EndProjectSection
EndProject
Project("{2150E333-8FDC-42A3-9474-1A3956D46DE8}") = "Document", "Document", "{5579C93B-179E-4A83-9A05-A0D75D294009}"
	ProjectSection(SolutionItems) = preProject
		deployDocumentWebApi.groovy = deployDocumentWebApi.groovy
	EndProjectSection
EndProject
Project("{2150E333-8FDC-42A3-9474-1A3956D46DE8}") = "Aggregate", "Aggregate", "{F1072F24-EDA6-4058-8978-68367A6A0864}"
	ProjectSection(SolutionItems) = preProject
		deployAggregateWebApi.groovy = deployAggregateWebApi.groovy
	EndProjectSection
EndProject
Project("{2150E333-8FDC-42A3-9474-1A3956D46DE8}") = "Apex", "Apex", "{995A1CDE-29A5-4FB7-A47C-7D253D492C3E}"
	ProjectSection(SolutionItems) = preProject
		deployApexWebApi.groovy = deployApexWebApi.groovy
	EndProjectSection
EndProject
Project("{2150E333-8FDC-42A3-9474-1A3956D46DE8}") = "Quote", "Quote", "{630BADA0-70A3-439C-A789-12530C1E588D}"
	ProjectSection(SolutionItems) = preProject
		deployQuoteWebApi.groovy = deployQuoteWebApi.groovy
	EndProjectSection
EndProject
Project("{2150E333-8FDC-42A3-9474-1A3956D46DE8}") = "WebApi", "WebApi", "{F3ED9BDA-0B7D-4E0B-804C-7443F267D42D}"
	ProjectSection(SolutionItems) = preProject
		deployWebApi.groovy = deployWebApi.groovy
	EndProjectSection
EndProject
Project("{2150E333-8FDC-42A3-9474-1A3956D46DE8}") = "SystemConfiguration", "SystemConfiguration", "{F51D6CC3-2527-4B0D-87F6-87A62C70C23C}"
	ProjectSection(SolutionItems) = preProject
		deploySystemConfiguration.groovy = deploySystemConfiguration.groovy
	EndProjectSection
EndProject
Global
	GlobalSection(SolutionProperties) = preSolution
		HideSolutionNode = FALSE
	EndGlobalSection
	GlobalSection(NestedProjects) = preSolution
		{EBCAA7D9-3C49-4745-AE4A-6556F35091C7} = {4392F170-1C95-43E8-B24D-BAA451E1F3EC}
		{3E72EA8F-6E77-460B-AE1D-68A7B18879D8} = {EBCAA7D9-3C49-4745-AE4A-6556F35091C7}
		{84BCD817-5BCC-4C83-BAB2-C6C7E7DABFDB} = {EBCAA7D9-3C49-4745-AE4A-6556F35091C7}
		{6BF976ED-901F-42CE-81C1-B1F2351A31D9} = {4392F170-1C95-43E8-B24D-BAA451E1F3EC}
		{CE151E7E-65B8-4445-865F-07B998A36D39} = {46C9246D-9EFE-4F4D-AC4B-E285D86FE584}
		{D256FD06-5C05-4B5B-85A8-EE030D7EFB7F} = {EBCAA7D9-3C49-4745-AE4A-6556F35091C7}
		{E00BCCA7-8AF3-4C4D-88E0-5C194A3DB9D6} = {4392F170-1C95-43E8-B24D-BAA451E1F3EC}
		{F2420EDC-E90A-4B3E-A3E2-E37C0BABE520} = {EBCAA7D9-3C49-4745-AE4A-6556F35091C7}
		{0A4FE1B3-75FE-426F-9473-BA33ECA5593D} = {4392F170-1C95-43E8-B24D-BAA451E1F3EC}
		{A07CA428-CD8C-40C5-82F4-6C4CE0B4C1D4} = {4392F170-1C95-43E8-B24D-BAA451E1F3EC}
		{E3BD8F7E-A75C-4A3D-8A80-C70AE9325205} = {4392F170-1C95-43E8-B24D-BAA451E1F3EC}
		{0806D523-7165-4B3F-ACA7-8D88FA143755} = {4392F170-1C95-43E8-B24D-BAA451E1F3EC}
		{0D2148B2-66EC-4BE5-BA14-8DA3322E98F8} = {4392F170-1C95-43E8-B24D-BAA451E1F3EC}
		{E32424E2-AFD6-4C14-B2BB-FFB2A99693CD} = {4392F170-1C95-43E8-B24D-BAA451E1F3EC}
		{1130C6B6-1A4A-4275-8DF7-E73BE4F2AEC0} = {4392F170-1C95-43E8-B24D-BAA451E1F3EC}
		{5579C93B-179E-4A83-9A05-A0D75D294009} = {4392F170-1C95-43E8-B24D-BAA451E1F3EC}
		{F1072F24-EDA6-4058-8978-68367A6A0864} = {4392F170-1C95-43E8-B24D-BAA451E1F3EC}
		{995A1CDE-29A5-4FB7-A47C-7D253D492C3E} = {4392F170-1C95-43E8-B24D-BAA451E1F3EC}
		{630BADA0-70A3-439C-A789-12530C1E588D} = {4392F170-1C95-43E8-B24D-BAA451E1F3EC}
		{F3ED9BDA-0B7D-4E0B-804C-7443F267D42D} = {4392F170-1C95-43E8-B24D-BAA451E1F3EC}
		{F51D6CC3-2527-4B0D-87F6-87A62C70C23C} = {4392F170-1C95-43E8-B24D-BAA451E1F3EC}
	EndGlobalSection
	GlobalSection(ExtensibilityGlobals) = postSolution
		SolutionGuid = {484AEF62-0292-4158-A644-206C38E869DE}
	EndGlobalSection
EndGlobal
